
Microsoft Visual Studio Solution File, Format Version 12.00
# Visual Studio 15
VisualStudioVersion = 15.0.27703.2047
MinimumVisualStudioVersion = 10.0.40219.1
Project("{FAE04EC0-301F-11D3-BF4B-00C04F79EFBC}") = "RabbitMQ.Portable", "RabbitMQ.Portable\RabbitMQ.Portable.csproj", "{7A098A9C-1228-49CE-AB9C-A912E3636754}"
EndProject
Global
	GlobalSection(SolutionConfigurationPlatforms) = preSolution
		AppVeyor|Any CPU = AppVeyor|Any CPU
		Debug|Any CPU = Debug|Any CPU
		Release|Any CPU = Release|Any CPU
	EndGlobalSection
	GlobalSection(ProjectConfigurationPlatforms) = postSolution
		{7A098A9C-1228-49CE-AB9C-A912E3636754}.AppVeyor|Any CPU.ActiveCfg = Release|Any CPU
		{7A098A9C-1228-49CE-AB9C-A912E3636754}.AppVeyor|Any CPU.Build.0 = Release|Any CPU
		{7A098A9C-1228-49CE-AB9C-A912E3636754}.Debug|Any CPU.ActiveCfg = Debug|Any CPU
		{7A098A9C-1228-49CE-AB9C-A912E3636754}.Debug|Any CPU.Build.0 = Debug|Any CPU
		{7A098A9C-1228-49CE-AB9C-A912E3636754}.Release|Any CPU.ActiveCfg = Release|Any CPU
		{7A098A9C-1228-49CE-AB9C-A912E3636754}.Release|Any CPU.Build.0 = Release|Any CPU
	EndGlobalSection
	GlobalSection(SolutionProperties) = preSolution
		HideSolutionNode = FALSE
	EndGlobalSection
	GlobalSection(ExtensibilityGlobals) = postSolution
		SolutionGuid = {51890D0A-D340-4367-9E19-04B50F132DAA}
	EndGlobalSection
EndGlobal
